// !$*UTF8*$!
{
	archiveVersion = 1;
	classes = {
	};
	objectVersion = 56;
	objects = {

/* Begin PBXBuildFile section */
		DC1FB3BF29FF1E0E001E404A /* iOS16NavigationApp.swift in Sources */ = {isa = PBXBuildFile; fileRef = DC1FB3BE29FF1E0E001E404A /* iOS16NavigationApp.swift */; };
		DC1FB3C129FF1E0E001E404A /* ContentView.swift in Sources */ = {isa = PBXBuildFile; fileRef = DC1FB3C029FF1E0E001E404A /* ContentView.swift */; };
		DC1FB3C329FF1E12001E404A /* Assets.xcassets in Resources */ = {isa = PBXBuildFile; fileRef = DC1FB3C229FF1E12001E404A /* Assets.xcassets */; };
		DC1FB3C629FF1E12001E404A /* Preview Assets.xcassets in Resources */ = {isa = PBXBuildFile; fileRef = DC1FB3C529FF1E12001E404A /* Preview Assets.xcassets */; };
		DC1FB3D029FF238D001E404A /* RegistrationView.swift in Sources */ = {isa = PBXBuildFile; fileRef = DC1FB3CF29FF238D001E404A /* RegistrationView.swift */; };
		DC1FB3D229FF23AA001E404A /* SigninView.swift in Sources */ = {isa = PBXBuildFile; fileRef = DC1FB3D129FF23AA001E404A /* SigninView.swift */; };
		DC1FB3D529FF2492001E404A /* DashboardView.swift in Sources */ = {isa = PBXBuildFile; fileRef = DC1FB3D429FF2492001E404A /* DashboardView.swift */; };
		DC1FB3D729FF24BB001E404A /* SplashView.swift in Sources */ = {isa = PBXBuildFile; fileRef = DC1FB3D629FF24BB001E404A /* SplashView.swift */; };
		DC1FB3D929FF2DEB001E404A /* SettingsView.swift in Sources */ = {isa = PBXBuildFile; fileRef = DC1FB3D829FF2DEB001E404A /* SettingsView.swift */; };
		DC1FB3DC29FF2FA9001E404A /* TasksDashboardView.swift in Sources */ = {isa = PBXBuildFile; fileRef = DC1FB3DB29FF2FA9001E404A /* TasksDashboardView.swift */; };
/* End PBXBuildFile section */

/* Begin PBXFileReference section */
		DC1FB3BB29FF1E0E001E404A /* iOS16Navigation.app */ = {isa = PBXFileReference; explicitFileType = wrapper.application; includeInIndex = 0; path = iOS16Navigation.app; sourceTree = BUILT_PRODUCTS_DIR; };
		DC1FB3BE29FF1E0E001E404A /* iOS16NavigationApp.swift */ = {isa = PBXFileReference; lastKnownFileType = sourcecode.swift; path = iOS16NavigationApp.swift; sourceTree = "<group>"; };
		DC1FB3C029FF1E0E001E404A /* ContentView.swift */ = {isa = PBXFileReference; lastKnownFileType = sourcecode.swift; path = ContentView.swift; sourceTree = "<group>"; };
		DC1FB3C229FF1E12001E404A /* Assets.xcassets */ = {isa = PBXFileReference; lastKnownFileType = folder.assetcatalog; path = Assets.xcassets; sourceTree = "<group>"; };
		DC1FB3C529FF1E12001E404A /* Preview Assets.xcassets */ = {isa = PBXFileReference; lastKnownFileType = folder.assetcatalog; path = "Preview Assets.xcassets"; sourceTree = "<group>"; };
		DC1FB3CF29FF238D001E404A /* RegistrationView.swift */ = {isa = PBXFileReference; lastKnownFileType = sourcecode.swift; path = RegistrationView.swift; sourceTree = "<group>"; };
		DC1FB3D129FF23AA001E404A /* SigninView.swift */ = {isa = PBXFileReference; lastKnownFileType = sourcecode.swift; path = SigninView.swift; sourceTree = "<group>"; };
		DC1FB3D429FF2492001E404A /* DashboardView.swift */ = {isa = PBXFileReference; lastKnownFileType = sourcecode.swift; path = DashboardView.swift; sourceTree = "<group>"; };
		DC1FB3D629FF24BB001E404A /* SplashView.swift */ = {isa = PBXFileReference; lastKnownFileType = sourcecode.swift; path = SplashView.swift; sourceTree = "<group>"; };
		DC1FB3D829FF2DEB001E404A /* SettingsView.swift */ = {isa = PBXFileReference; lastKnownFileType = sourcecode.swift; path = SettingsView.swift; sourceTree = "<group>"; };
		DC1FB3DB29FF2FA9001E404A /* TasksDashboardView.swift */ = {isa = PBXFileReference; lastKnownFileType = sourcecode.swift; path = TasksDashboardView.swift; sourceTree = "<group>"; };
/* End PBXFileReference section */

/* Begin PBXFrameworksBuildPhase section */
		DC1FB3B829FF1E0E001E404A /* Frameworks */ = {
			isa = PBXFrameworksBuildPhase;
			buildActionMask = 2147483647;
			files = (
			);
			runOnlyForDeploymentPostprocessing = 0;
		};
/* End PBXFrameworksBuildPhase section */

/* Begin PBXGroup section */
		DC1FB3B229FF1E0E001E404A = {
			isa = PBXGroup;
			children = (
				DC1FB3BD29FF1E0E001E404A /* iOS16Navigation */,
				DC1FB3BC29FF1E0E001E404A /* Products */,
			);
			sourceTree = "<group>";
		};
		DC1FB3BC29FF1E0E001E404A /* Products */ = {
			isa = PBXGroup;
			children = (
				DC1FB3BB29FF1E0E001E404A /* iOS16Navigation.app */,
			);
			name = Products;
			sourceTree = "<group>";
		};
		DC1FB3BD29FF1E0E001E404A /* iOS16Navigation */ = {
			isa = PBXGroup;
			children = (
				DC1FB3DA29FF2F93001E404A /* tasks */,
				DC1FB3D329FF247F001E404A /* dashboard */,
				DC1FB3CC29FF235A001E404A /* auth */,
				DC1FB3BE29FF1E0E001E404A /* iOS16NavigationApp.swift */,
				DC1FB3C029FF1E0E001E404A /* ContentView.swift */,
				DC1FB3C229FF1E12001E404A /* Assets.xcassets */,
				DC1FB3C429FF1E12001E404A /* Preview Content */,
				DC1FB3D629FF24BB001E404A /* SplashView.swift */,
				DC1FB3D829FF2DEB001E404A /* SettingsView.swift */,
			);
			path = iOS16Navigation;
			sourceTree = "<group>";
		};
		DC1FB3C429FF1E12001E404A /* Preview Content */ = {
			isa = PBXGroup;
			children = (
				DC1FB3C529FF1E12001E404A /* Preview Assets.xcassets */,
			);
			path = "Preview Content";
			sourceTree = "<group>";
		};
		DC1FB3CC29FF235A001E404A /* auth */ = {
			isa = PBXGroup;
			children = (
				DC1FB3CF29FF238D001E404A /* RegistrationView.swift */,
				DC1FB3D129FF23AA001E404A /* SigninView.swift */,
			);
			path = auth;
			sourceTree = "<group>";
		};
		DC1FB3D329FF247F001E404A /* dashboard */ = {
			isa = PBXGroup;
			children = (
				DC1FB3D429FF2492001E404A /* DashboardView.swift */,
			);
			path = dashboard;
			sourceTree = "<group>";
		};
		DC1FB3DA29FF2F93001E404A /* tasks */ = {
			isa = PBXGroup;
			children = (
				DC1FB3DB29FF2FA9001E404A /* TasksDashboardView.swift */,
			);
			path = tasks;
			sourceTree = "<group>";
		};
/* End PBXGroup section */

/* Begin PBXNativeTarget section */
		DC1FB3BA29FF1E0E001E404A /* iOS16Navigation */ = {
			isa = PBXNativeTarget;
			buildConfigurationList = DC1FB3C929FF1E12001E404A /* Build configuration list for PBXNativeTarget "iOS16Navigation" */;
			buildPhases = (
				DC1FB3B729FF1E0E001E404A /* Sources */,
				DC1FB3B829FF1E0E001E404A /* Frameworks */,
				DC1FB3B929FF1E0E001E404A /* Resources */,
			);
			buildRules = (
			);
			dependencies = (
			);
			name = iOS16Navigation;
			productName = iOS16Navigation;
			productReference = DC1FB3BB29FF1E0E001E404A /* iOS16Navigation.app */;
			productType = "com.apple.product-type.application";
		};
/* End PBXNativeTarget section */

/* Begin PBXProject section */
		DC1FB3B329FF1E0E001E404A /* Project object */ = {
			isa = PBXProject;
			attributes = {
				BuildIndependentTargetsInParallel = 1;
				LastSwiftUpdateCheck = 1430;
				LastUpgradeCheck = 1430;
				TargetAttributes = {
					DC1FB3BA29FF1E0E001E404A = {
						CreatedOnToolsVersion = 14.3;
					};
				};
			};
			buildConfigurationList = DC1FB3B629FF1E0E001E404A /* Build configuration list for PBXProject "iOS16Navigation" */;
			compatibilityVersion = "Xcode 14.0";
			developmentRegion = en;
			hasScannedForEncodings = 0;
			knownRegions = (
				en,
				Base,
			);
			mainGroup = DC1FB3B229FF1E0E001E404A;
			productRefGroup = DC1FB3BC29FF1E0E001E404A /* Products */;
			projectDirPath = "";
			projectRoot = "";
			targets = (
				DC1FB3BA29FF1E0E001E404A /* iOS16Navigation */,
			);
		};
/* End PBXProject section */

/* Begin PBXResourcesBuildPhase section */
		DC1FB3B929FF1E0E001E404A /* Resources */ = {
			isa = PBXResourcesBuildPhase;
			buildActionMask = 2147483647;
			files = (
				DC1FB3C629FF1E12001E404A /* Preview Assets.xcassets in Resources */,
				DC1FB3C329FF1E12001E404A /* Assets.xcassets in Resources */,
			);
			runOnlyForDeploymentPostprocessing = 0;
		};
/* End PBXResourcesBuildPhase section */

/* Begin PBXSourcesBuildPhase section */
		DC1FB3B729FF1E0E001E404A /* Sources */ = {
			isa = PBXSourcesBuildPhase;
			buildActionMask = 2147483647;
			files = (
				DC1FB3D929FF2DEB001E404A /* SettingsView.swift in Sources */,
				DC1FB3D029FF238D001E404A /* RegistrationView.swift in Sources */,
				DC1FB3C129FF1E0E001E404A /* ContentView.swift in Sources */,
				DC1FB3D529FF2492001E404A /* DashboardView.swift in Sources */,
				DC1FB3DC29FF2FA9001E404A /* TasksDashboardView.swift in Sources */,
				DC1FB3D229FF23AA001E404A /* SigninView.swift in Sources */,
				DC1FB3BF29FF1E0E001E404A /* iOS16NavigationApp.swift in Sources */,
				DC1FB3D729FF24BB001E404A /* SplashView.swift in Sources */,
			);
			runOnlyForDeploymentPostprocessing = 0;
		};
/* End PBXSourcesBuildPhase section */

/* Begin XCBuildConfiguration section */
		DC1FB3C729FF1E12001E404A /* Debug */ = {
			isa = XCBuildConfiguration;
			buildSettings = {
				ALWAYS_SEARCH_USER_PATHS = NO;
				CLANG_ANALYZER_NONNULL = YES;
				CLANG_ANALYZER_NUMBER_OBJECT_CONVERSION = YES_AGGRESSIVE;
				CLANG_CXX_LANGUAGE_STANDARD = "gnu++20";
				CLANG_ENABLE_MODULES = YES;
				CLANG_ENABLE_OBJC_ARC = YES;
				CLANG_ENABLE_OBJC_WEAK = YES;
				CLANG_WARN_BLOCK_CAPTURE_AUTORELEASING = YES;
				CLANG_WARN_BOOL_CONVERSION = YES;
				CLANG_WARN_COMMA = YES;
				CLANG_WARN_CONSTANT_CONVERSION = YES;
				CLANG_WARN_DEPRECATED_OBJC_IMPLEMENTATIONS = YES;
				CLANG_WARN_DIRECT_OBJC_ISA_USAGE = YES_ERROR;
				CLANG_WARN_DOCUMENTATION_COMMENTS = YES;
				CLANG_WARN_EMPTY_BODY = YES;
				CLANG_WARN_ENUM_CONVERSION = YES;
				CLANG_WARN_INFINITE_RECURSION = YES;
				CLANG_WARN_INT_CONVERSION = YES;
				CLANG_WARN_NON_LITERAL_NULL_CONVERSION = YES;
				CLANG_WARN_OBJC_IMPLICIT_RETAIN_SELF = YES;
				CLANG_WARN_OBJC_LITERAL_CONVERSION = YES;
				CLANG_WARN_OBJC_ROOT_CLASS = YES_ERROR;
				CLANG_WARN_QUOTED_INCLUDE_IN_FRAMEWORK_HEADER = YES;
				CLANG_WARN_RANGE_LOOP_ANALYSIS = YES;
				CLANG_WARN_STRICT_PROTOTYPES = YES;
				CLANG_WARN_SUSPICIOUS_MOVE = YES;
				CLANG_WARN_UNGUARDED_AVAILABILITY = YES_AGGRESSIVE;
				CLANG_WARN_UNREACHABLE_CODE = YES;
				CLANG_WARN__DUPLICATE_METHOD_MATCH = YES;
				COPY_PHASE_STRIP = NO;
				DEBUG_INFORMATION_FORMAT = dwarf;
				ENABLE_STRICT_OBJC_MSGSEND = YES;
				ENABLE_TESTABILITY = YES;
				GCC_C_LANGUAGE_STANDARD = gnu11;
				GCC_DYNAMIC_NO_PIC = NO;
				GCC_NO_COMMON_BLOCKS = YES;
				GCC_OPTIMIZATION_LEVEL = 0;
				GCC_PREPROCESSOR_DEFINITIONS = (
					"DEBUG=1",
					"$(inherited)",
				);
				GCC_WARN_64_TO_32_BIT_CONVERSION = YES;
				GCC_WARN_ABOUT_RETURN_TYPE = YES_ERROR;
				GCC_WARN_UNDECLARED_SELECTOR = YES;
				GCC_WARN_UNINITIALIZED_AUTOS = YES_AGGRESSIVE;
				GCC_WARN_UNUSED_FUNCTION = YES;
				GCC_WARN_UNUSED_VARIABLE = YES;
				IPHONEOS_DEPLOYMENT_TARGET = 16.4;
				MTL_ENABLE_DEBUG_INFO = INCLUDE_SOURCE;
				MTL_FAST_MATH = YES;
				ONLY_ACTIVE_ARCH = YES;
				SDKROOT = iphoneos;
				SWIFT_ACTIVE_COMPILATION_CONDITIONS = DEBUG;
				SWIFT_OPTIMIZATION_LEVEL = "-Onone";
			};
			name = Debug;
		};
		DC1FB3C829FF1E12001E404A /* Release */ = {
			isa = XCBuildConfiguration;
			buildSettings = {
				ALWAYS_SEARCH_USER_PATHS = NO;
				CLANG_ANALYZER_NONNULL = YES;
				CLANG_ANALYZER_NUMBER_OBJECT_CONVERSION = YES_AGGRESSIVE;
				CLANG_CXX_LANGUAGE_STANDARD = "gnu++20";
				CLANG_ENABLE_MODULES = YES;
				CLANG_ENABLE_OBJC_ARC = YES;
				CLANG_ENABLE_OBJC_WEAK = YES;
				CLANG_WARN_BLOCK_CAPTURE_AUTORELEASING = YES;
				CLANG_WARN_BOOL_CONVERSION = YES;
				CLANG_WARN_COMMA = YES;
				CLANG_WARN_CONSTANT_CONVERSION = YES;
				CLANG_WARN_DEPRECATED_OBJC_IMPLEMENTATIONS = YES;
				CLANG_WARN_DIRECT_OBJC_ISA_USAGE = YES_ERROR;
				CLANG_WARN_DOCUMENTATION_COMMENTS = YES;
				CLANG_WARN_EMPTY_BODY = YES;
				CLANG_WARN_ENUM_CONVERSION = YES;
				CLANG_WARN_INFINITE_RECURSION = YES;
				CLANG_WARN_INT_CONVERSION = YES;
				CLANG_WARN_NON_LITERAL_NULL_CONVERSION = YES;
				CLANG_WARN_OBJC_IMPLICIT_RETAIN_SELF = YES;
				CLANG_WARN_OBJC_LITERAL_CONVERSION = YES;
				CLANG_WARN_OBJC_ROOT_CLASS = YES_ERROR;
				CLANG_WARN_QUOTED_INCLUDE_IN_FRAMEWORK_HEADER = YES;
				CLANG_WARN_RANGE_LOOP_ANALYSIS = YES;
				CLANG_WARN_STRICT_PROTOTYPES = YES;
				CLANG_WARN_SUSPICIOUS_MOVE = YES;
				CLANG_WARN_UNGUARDED_AVAILABILITY = YES_AGGRESSIVE;
				CLANG_WARN_UNREACHABLE_CODE = YES;
				CLANG_WARN__DUPLICATE_METHOD_MATCH = YES;
				COPY_PHASE_STRIP = NO;
				DEBUG_INFORMATION_FORMAT = "dwarf-with-dsym";
				ENABLE_NS_ASSERTIONS = NO;
				ENABLE_STRICT_OBJC_MSGSEND = YES;
				GCC_C_LANGUAGE_STANDARD = gnu11;
				GCC_NO_COMMON_BLOCKS = YES;
				GCC_WARN_64_TO_32_BIT_CONVERSION = YES;
				GCC_WARN_ABOUT_RETURN_TYPE = YES_ERROR;
				GCC_WARN_UNDECLARED_SELECTOR = YES;
				GCC_WARN_UNINITIALIZED_AUTOS = YES_AGGRESSIVE;
				GCC_WARN_UNUSED_FUNCTION = YES;
				GCC_WARN_UNUSED_VARIABLE = YES;
				IPHONEOS_DEPLOYMENT_TARGET = 16.4;
				MTL_ENABLE_DEBUG_INFO = NO;
				MTL_FAST_MATH = YES;
				SDKROOT = iphoneos;
				SWIFT_COMPILATION_MODE = wholemodule;
				SWIFT_OPTIMIZATION_LEVEL = "-O";
				VALIDATE_PRODUCT = YES;
			};
			name = Release;
		};
		DC1FB3CA29FF1E12001E404A /* Debug */ = {
			isa = XCBuildConfiguration;
			buildSettings = {
				ASSETCATALOG_COMPILER_APPICON_NAME = AppIcon;
				ASSETCATALOG_COMPILER_GLOBAL_ACCENT_COLOR_NAME = AccentColor;
				CODE_SIGN_STYLE = Automatic;
				CURRENT_PROJECT_VERSION = 1;
				DEVELOPMENT_ASSET_PATHS = "\"iOS16Navigation/Preview Content\"";
				DEVELOPMENT_TEAM = 4T9AZS63Q3;
				ENABLE_PREVIEWS = YES;
				GENERATE_INFOPLIST_FILE = YES;
				INFOPLIST_KEY_UIApplicationSceneManifest_Generation = YES;
				INFOPLIST_KEY_UIApplicationSupportsIndirectInputEvents = YES;
				INFOPLIST_KEY_UILaunchScreen_Generation = YES;
				INFOPLIST_KEY_UISupportedInterfaceOrientations_iPad = "UIInterfaceOrientationPortrait UIInterfaceOrientationPortraitUpsideDown UIInterfaceOrientationLandscapeLeft UIInterfaceOrientationLandscapeRight";
				INFOPLIST_KEY_UISupportedInterfaceOrientations_iPhone = "UIInterfaceOrientationPortrait UIInterfaceOrientationLandscapeLeft UIInterfaceOrientationLandscapeRight";
				LD_RUNPATH_SEARCH_PATHS = (
					"$(inherited)",
					"@executable_path/Frameworks",
				);
				MARKETING_VERSION = 1.0;
				PRODUCT_BUNDLE_IDENTIFIER = samuelowino.iOS16Navigation;
				PRODUCT_NAME = "$(TARGET_NAME)";
				SWIFT_EMIT_LOC_STRINGS = YES;
				SWIFT_VERSION = 5.0;
				TARGETED_DEVICE_FAMILY = "1,2";
			};
			name = Debug;
		};
		DC1FB3CB29FF1E12001E404A /* Release */ = {
			isa = XCBuildConfiguration;
			buildSettings = {
				ASSETCATALOG_COMPILER_APPICON_NAME = AppIcon;
				ASSETCATALOG_COMPILER_GLOBAL_ACCENT_COLOR_NAME = AccentColor;
				CODE_SIGN_STYLE = Automatic;
				CURRENT_PROJECT_VERSION = 1;
				DEVELOPMENT_ASSET_PATHS = "\"iOS16Navigation/Preview Content\"";
				DEVELOPMENT_TEAM = 4T9AZS63Q3;
				ENABLE_PREVIEWS = YES;
				GENERATE_INFOPLIST_FILE = YES;
				INFOPLIST_KEY_UIApplicationSceneManifest_Generation = YES;
				INFOPLIST_KEY_UIApplicationSupportsIndirectInputEvents = YES;
				INFOPLIST_KEY_UILaunchScreen_Generation = YES;
				INFOPLIST_KEY_UISupportedInterfaceOrientations_iPad = "UIInterfaceOrientationPortrait UIInterfaceOrientationPortraitUpsideDown UIInterfaceOrientationLandscapeLeft UIInterfaceOrientationLandscapeRight";
				INFOPLIST_KEY_UISupportedInterfaceOrientations_iPhone = "UIInterfaceOrientationPortrait UIInterfaceOrientationLandscapeLeft UIInterfaceOrientationLandscapeRight";
				LD_RUNPATH_SEARCH_PATHS = (
					"$(inherited)",
					"@executable_path/Frameworks",
				);
				MARKETING_VERSION = 1.0;
				PRODUCT_BUNDLE_IDENTIFIER = samuelowino.iOS16Navigation;
				PRODUCT_NAME = "$(TARGET_NAME)";
				SWIFT_EMIT_LOC_STRINGS = YES;
				SWIFT_VERSION = 5.0;
				TARGETED_DEVICE_FAMILY = "1,2";
			};
			name = Release;
		};
/* End XCBuildConfiguration section */

/* Begin XCConfigurationList section */
		DC1FB3B629FF1E0E001E404A /* Build configuration list for PBXProject "iOS16Navigation" */ = {
			isa = XCConfigurationList;
			buildConfigurations = (
				DC1FB3C729FF1E12001E404A /* Debug */,
				DC1FB3C829FF1E12001E404A /* Release */,
			);
			defaultConfigurationIsVisible = 0;
			defaultConfigurationName = Release;
		};
		DC1FB3C929FF1E12001E404A /* Build configuration list for PBXNativeTarget "iOS16Navigation" */ = {
			isa = XCConfigurationList;
			buildConfigurations = (
				DC1FB3CA29FF1E12001E404A /* Debug */,
				DC1FB3CB29FF1E12001E404A /* Release */,
			);
			defaultConfigurationIsVisible = 0;
			defaultConfigurationName = Release;
		};
/* End XCConfigurationList section */
	};
	rootObject = DC1FB3B329FF1E0E001E404A /* Project object */;
}
